<Solution>
  <Project Path="Api/Api.csproj" Id="c2a261fb-454b-4db9-a02f-8611a118ee4b" />
  <Project Path="BL/BL.csproj" />
  <Project Path="Common/Common.csproj" />
  <Project Path="DAL/DAL.csproj" />
  <Project Path="Dashoard/Dashoard.csproj" Id="89f81f4e-dffe-4219-85f3-efed57f32137" />
  <Project Path="Domins/Domins.csproj" />
  <Project Path="Shared/Shared.csproj" />
</Solution>
